{
  "pins" : [
    {
      "identity" : "wishkit-ios-shared",
      "kind" : "remoteSourceControl",
      "location" : "https://github.com/wishkit/wishkit-ios-shared.git",
      "state" : {
        "revision" : "0b60ca447a889cffa2f0faa7b65895d0a049924d",
        "version" : "1.0.0"
      }
    }
  ],
  "version" : 2
}
